
Microsoft Visual Studio Solution File, Format Version 12.00
# Visual Studio 15
VisualStudioVersion = 15.0.28307.852
MinimumVisualStudioVersion = 10.0.40219.1
Project("{FAE04EC0-301F-11D3-BF4B-00C04F79EFBC}") = "AgentShopApp.Android", "AgentShopApp\AgentShopApp.Android\AgentShopApp.Android.csproj", "{BC9DE7FB-7585-4A9E-8510-F6A45EC4E36F}"
EndProject
Project("{FAE04EC0-301F-11D3-BF4B-00C04F79EFBC}") = "AgentShopApp.iOS", "AgentShopApp\AgentShopApp.iOS\AgentShopApp.iOS.csproj", "{4EACE8B6-AFFD-4AD4-A025-EDA71A1AE297}"
EndProject
Project("{FAE04EC0-301F-11D3-BF4B-00C04F79EFBC}") = "AgentShopApp", "AgentShopApp\AgentShopApp\AgentShopApp.csproj", "{ABBD3816-3E75-4F62-A6A9-10DF6EADBE44}"
EndProject
Global
	GlobalSection(SolutionConfigurationPlatforms) = preSolution
		Ad-Hoc|Any CPU = Ad-Hoc|Any CPU
		Ad-Hoc|iPhone = Ad-Hoc|iPhone
		Ad-Hoc|iPhoneSimulator = Ad-Hoc|iPhoneSimulator
		AppStore|Any CPU = AppStore|Any CPU
		AppStore|iPhone = AppStore|iPhone
		AppStore|iPhoneSimulator = AppStore|iPhoneSimulator
		Debug|Any CPU = Debug|Any CPU
		Debug|iPhone = Debug|iPhone
		Debug|iPhoneSimulator = Debug|iPhoneSimulator
		Release|Any CPU = Release|Any CPU
		Release|iPhone = Release|iPhone
		Release|iPhoneSimulator = Release|iPhoneSimulator
	EndGlobalSection
	GlobalSection(ProjectConfigurationPlatforms) = postSolution
		{BC9DE7FB-7585-4A9E-8510-F6A45EC4E36F}.Ad-Hoc|Any CPU.ActiveCfg = Release|Any CPU
		{BC9DE7FB-7585-4A9E-8510-F6A45EC4E36F}.Ad-Hoc|Any CPU.Build.0 = Release|Any CPU
		{BC9DE7FB-7585-4A9E-8510-F6A45EC4E36F}.Ad-Hoc|Any CPU.Deploy.0 = Release|Any CPU
		{BC9DE7FB-7585-4A9E-8510-F6A45EC4E36F}.Ad-Hoc|iPhone.ActiveCfg = Release|Any CPU
		{BC9DE7FB-7585-4A9E-8510-F6A45EC4E36F}.Ad-Hoc|iPhone.Build.0 = Release|Any CPU
		{BC9DE7FB-7585-4A9E-8510-F6A45EC4E36F}.Ad-Hoc|iPhone.Deploy.0 = Release|Any CPU
		{BC9DE7FB-7585-4A9E-8510-F6A45EC4E36F}.Ad-Hoc|iPhoneSimulator.ActiveCfg = Release|Any CPU
		{BC9DE7FB-7585-4A9E-8510-F6A45EC4E36F}.Ad-Hoc|iPhoneSimulator.Build.0 = Release|Any CPU
		{BC9DE7FB-7585-4A9E-8510-F6A45EC4E36F}.Ad-Hoc|iPhoneSimulator.Deploy.0 = Release|Any CPU
		{BC9DE7FB-7585-4A9E-8510-F6A45EC4E36F}.AppStore|Any CPU.ActiveCfg = Release|Any CPU
		{BC9DE7FB-7585-4A9E-8510-F6A45EC4E36F}.AppStore|Any CPU.Build.0 = Release|Any CPU
		{BC9DE7FB-7585-4A9E-8510-F6A45EC4E36F}.AppStore|Any CPU.Deploy.0 = Release|Any CPU
		{BC9DE7FB-7585-4A9E-8510-F6A45EC4E36F}.AppStore|iPhone.ActiveCfg = Release|Any CPU
		{BC9DE7FB-7585-4A9E-8510-F6A45EC4E36F}.AppStore|iPhone.Build.0 = Release|Any CPU
		{BC9DE7FB-7585-4A9E-8510-F6A45EC4E36F}.AppStore|iPhone.Deploy.0 = Release|Any CPU
		{BC9DE7FB-7585-4A9E-8510-F6A45EC4E36F}.AppStore|iPhoneSimulator.ActiveCfg = Release|Any CPU
		{BC9DE7FB-7585-4A9E-8510-F6A45EC4E36F}.AppStore|iPhoneSimulator.Build.0 = Release|Any CPU
		{BC9DE7FB-7585-4A9E-8510-F6A45EC4E36F}.AppStore|iPhoneSimulator.Deploy.0 = Release|Any CPU
		{BC9DE7FB-7585-4A9E-8510-F6A45EC4E36F}.Debug|Any CPU.ActiveCfg = Debug|Any CPU
		{BC9DE7FB-7585-4A9E-8510-F6A45EC4E36F}.Debug|Any CPU.Build.0 = Debug|Any CPU
		{BC9DE7FB-7585-4A9E-8510-F6A45EC4E36F}.Debug|Any CPU.Deploy.0 = Debug|Any CPU
		{BC9DE7FB-7585-4A9E-8510-F6A45EC4E36F}.Debug|iPhone.ActiveCfg = Debug|Any CPU
		{BC9DE7FB-7585-4A9E-8510-F6A45EC4E36F}.Debug|iPhone.Build.0 = Debug|Any CPU
		{BC9DE7FB-7585-4A9E-8510-F6A45EC4E36F}.Debug|iPhone.Deploy.0 = Debug|Any CPU
		{BC9DE7FB-7585-4A9E-8510-F6A45EC4E36F}.Debug|iPhoneSimulator.ActiveCfg = Debug|Any CPU
		{BC9DE7FB-7585-4A9E-8510-F6A45EC4E36F}.Debug|iPhoneSimulator.Build.0 = Debug|Any CPU
		{BC9DE7FB-7585-4A9E-8510-F6A45EC4E36F}.Debug|iPhoneSimulator.Deploy.0 = Debug|Any CPU
		{BC9DE7FB-7585-4A9E-8510-F6A45EC4E36F}.Release|Any CPU.ActiveCfg = Release|Any CPU
		{BC9DE7FB-7585-4A9E-8510-F6A45EC4E36F}.Release|Any CPU.Build.0 = Release|Any CPU
		{BC9DE7FB-7585-4A9E-8510-F6A45EC4E36F}.Release|Any CPU.Deploy.0 = Release|Any CPU
		{BC9DE7FB-7585-4A9E-8510-F6A45EC4E36F}.Release|iPhone.ActiveCfg = Release|Any CPU
		{BC9DE7FB-7585-4A9E-8510-F6A45EC4E36F}.Release|iPhone.Build.0 = Release|Any CPU
		{BC9DE7FB-7585-4A9E-8510-F6A45EC4E36F}.Release|iPhone.Deploy.0 = Release|Any CPU
		{BC9DE7FB-7585-4A9E-8510-F6A45EC4E36F}.Release|iPhoneSimulator.ActiveCfg = Release|Any CPU
		{BC9DE7FB-7585-4A9E-8510-F6A45EC4E36F}.Release|iPhoneSimulator.Build.0 = Release|Any CPU
		{BC9DE7FB-7585-4A9E-8510-F6A45EC4E36F}.Release|iPhoneSimulator.Deploy.0 = Release|Any CPU
		{4EACE8B6-AFFD-4AD4-A025-EDA71A1AE297}.Ad-Hoc|Any CPU.ActiveCfg = Ad-Hoc|iPhone
		{4EACE8B6-AFFD-4AD4-A025-EDA71A1AE297}.Ad-Hoc|Any CPU.Build.0 = Ad-Hoc|iPhone
		{4EACE8B6-AFFD-4AD4-A025-EDA71A1AE297}.Ad-Hoc|Any CPU.Deploy.0 = Ad-Hoc|iPhone
		{4EACE8B6-AFFD-4AD4-A025-EDA71A1AE297}.Ad-Hoc|iPhone.ActiveCfg = Ad-Hoc|iPhone
		{4EACE8B6-AFFD-4AD4-A025-EDA71A1AE297}.Ad-Hoc|iPhone.Build.0 = Ad-Hoc|iPhone
		{4EACE8B6-AFFD-4AD4-A025-EDA71A1AE297}.Ad-Hoc|iPhone.Deploy.0 = Ad-Hoc|iPhone
		{4EACE8B6-AFFD-4AD4-A025-EDA71A1AE297}.Ad-Hoc|iPhoneSimulator.ActiveCfg = Ad-Hoc|iPhoneSimulator
		{4EACE8B6-AFFD-4AD4-A025-EDA71A1AE297}.Ad-Hoc|iPhoneSimulator.Build.0 = Ad-Hoc|iPhoneSimulator
		{4EACE8B6-AFFD-4AD4-A025-EDA71A1AE297}.Ad-Hoc|iPhoneSimulator.Deploy.0 = Ad-Hoc|iPhoneSimulator
		{4EACE8B6-AFFD-4AD4-A025-EDA71A1AE297}.AppStore|Any CPU.ActiveCfg = AppStore|iPhone
		{4EACE8B6-AFFD-4AD4-A025-EDA71A1AE297}.AppStore|Any CPU.Build.0 = AppStore|iPhone
		{4EACE8B6-AFFD-4AD4-A025-EDA71A1AE297}.AppStore|Any CPU.Deploy.0 = AppStore|iPhone
		{4EACE8B6-AFFD-4AD4-A025-EDA71A1AE297}.AppStore|iPhone.ActiveCfg = AppStore|iPhone
		{4EACE8B6-AFFD-4AD4-A025-EDA71A1AE297}.AppStore|iPhone.Build.0 = AppStore|iPhone
		{4EACE8B6-AFFD-4AD4-A025-EDA71A1AE297}.AppStore|iPhone.Deploy.0 = AppStore|iPhone
		{4EACE8B6-AFFD-4AD4-A025-EDA71A1AE297}.AppStore|iPhoneSimulator.ActiveCfg = AppStore|iPhoneSimulator
		{4EACE8B6-AFFD-4AD4-A025-EDA71A1AE297}.AppStore|iPhoneSimulator.Build.0 = AppStore|iPhoneSimulator
		{4EACE8B6-AFFD-4AD4-A025-EDA71A1AE297}.AppStore|iPhoneSimulator.Deploy.0 = AppStore|iPhoneSimulator
		{4EACE8B6-AFFD-4AD4-A025-EDA71A1AE297}.Debug|Any CPU.ActiveCfg = Debug|iPhoneSimulator
		{4EACE8B6-AFFD-4AD4-A025-EDA71A1AE297}.Debug|Any CPU.Build.0 = Debug|iPhoneSimulator
		{4EACE8B6-AFFD-4AD4-A025-EDA71A1AE297}.Debug|Any CPU.Deploy.0 = Debug|iPhoneSimulator
		{4EACE8B6-AFFD-4AD4-A025-EDA71A1AE297}.Debug|iPhone.ActiveCfg = Debug|iPhone
		{4EACE8B6-AFFD-4AD4-A025-EDA71A1AE297}.Debug|iPhone.Build.0 = Debug|iPhone
		{4EACE8B6-AFFD-4AD4-A025-EDA71A1AE297}.Debug|iPhone.Deploy.0 = Debug|iPhone
		{4EACE8B6-AFFD-4AD4-A025-EDA71A1AE297}.Debug|iPhoneSimulator.ActiveCfg = Debug|iPhoneSimulator
		{4EACE8B6-AFFD-4AD4-A025-EDA71A1AE297}.Debug|iPhoneSimulator.Build.0 = Debug|iPhoneSimulator
		{4EACE8B6-AFFD-4AD4-A025-EDA71A1AE297}.Debug|iPhoneSimulator.Deploy.0 = Debug|iPhoneSimulator
		{4EACE8B6-AFFD-4AD4-A025-EDA71A1AE297}.Release|Any CPU.ActiveCfg = Release|iPhone
		{4EACE8B6-AFFD-4AD4-A025-EDA71A1AE297}.Release|Any CPU.Build.0 = Release|iPhone
		{4EACE8B6-AFFD-4AD4-A025-EDA71A1AE297}.Release|Any CPU.Deploy.0 = Release|iPhone
		{4EACE8B6-AFFD-4AD4-A025-EDA71A1AE297}.Release|iPhone.ActiveCfg = Release|iPhone
		{4EACE8B6-AFFD-4AD4-A025-EDA71A1AE297}.Release|iPhone.Build.0 = Release|iPhone
		{4EACE8B6-AFFD-4AD4-A025-EDA71A1AE297}.Release|iPhone.Deploy.0 = Release|iPhone
		{4EACE8B6-AFFD-4AD4-A025-EDA71A1AE297}.Release|iPhoneSimulator.ActiveCfg = Release|iPhoneSimulator
		{4EACE8B6-AFFD-4AD4-A025-EDA71A1AE297}.Release|iPhoneSimulator.Build.0 = Release|iPhoneSimulator
		{4EACE8B6-AFFD-4AD4-A025-EDA71A1AE297}.Release|iPhoneSimulator.Deploy.0 = Release|iPhoneSimulator
		{ABBD3816-3E75-4F62-A6A9-10DF6EADBE44}.Ad-Hoc|Any CPU.ActiveCfg = Debug|Any CPU
		{ABBD3816-3E75-4F62-A6A9-10DF6EADBE44}.Ad-Hoc|Any CPU.Build.0 = Debug|Any CPU
		{ABBD3816-3E75-4F62-A6A9-10DF6EADBE44}.Ad-Hoc|Any CPU.Deploy.0 = Debug|Any CPU
		{ABBD3816-3E75-4F62-A6A9-10DF6EADBE44}.Ad-Hoc|iPhone.ActiveCfg = Debug|Any CPU
		{ABBD3816-3E75-4F62-A6A9-10DF6EADBE44}.Ad-Hoc|iPhone.Build.0 = Debug|Any CPU
		{ABBD3816-3E75-4F62-A6A9-10DF6EADBE44}.Ad-Hoc|iPhone.Deploy.0 = Debug|Any CPU
		{ABBD3816-3E75-4F62-A6A9-10DF6EADBE44}.Ad-Hoc|iPhoneSimulator.ActiveCfg = Debug|Any CPU
		{ABBD3816-3E75-4F62-A6A9-10DF6EADBE44}.Ad-Hoc|iPhoneSimulator.Build.0 = Debug|Any CPU
		{ABBD3816-3E75-4F62-A6A9-10DF6EADBE44}.Ad-Hoc|iPhoneSimulator.Deploy.0 = Debug|Any CPU
		{ABBD3816-3E75-4F62-A6A9-10DF6EADBE44}.AppStore|Any CPU.ActiveCfg = Debug|Any CPU
		{ABBD3816-3E75-4F62-A6A9-10DF6EADBE44}.AppStore|Any CPU.Build.0 = Debug|Any CPU
		{ABBD3816-3E75-4F62-A6A9-10DF6EADBE44}.AppStore|Any CPU.Deploy.0 = Debug|Any CPU
		{ABBD3816-3E75-4F62-A6A9-10DF6EADBE44}.AppStore|iPhone.ActiveCfg = Debug|Any CPU
		{ABBD3816-3E75-4F62-A6A9-10DF6EADBE44}.AppStore|iPhone.Build.0 = Debug|Any CPU
		{ABBD3816-3E75-4F62-A6A9-10DF6EADBE44}.AppStore|iPhone.Deploy.0 = Debug|Any CPU
		{ABBD3816-3E75-4F62-A6A9-10DF6EADBE44}.AppStore|iPhoneSimulator.ActiveCfg = Debug|Any CPU
		{ABBD3816-3E75-4F62-A6A9-10DF6EADBE44}.AppStore|iPhoneSimulator.Build.0 = Debug|Any CPU
		{ABBD3816-3E75-4F62-A6A9-10DF6EADBE44}.AppStore|iPhoneSimulator.Deploy.0 = Debug|Any CPU
		{ABBD3816-3E75-4F62-A6A9-10DF6EADBE44}.Debug|Any CPU.ActiveCfg = Debug|Any CPU
		{ABBD3816-3E75-4F62-A6A9-10DF6EADBE44}.Debug|Any CPU.Build.0 = Debug|Any CPU
		{ABBD3816-3E75-4F62-A6A9-10DF6EADBE44}.Debug|Any CPU.Deploy.0 = Debug|Any CPU
		{ABBD3816-3E75-4F62-A6A9-10DF6EADBE44}.Debug|iPhone.ActiveCfg = Debug|Any CPU
		{ABBD3816-3E75-4F62-A6A9-10DF6EADBE44}.Debug|iPhone.Build.0 = Debug|Any CPU
		{ABBD3816-3E75-4F62-A6A9-10DF6EADBE44}.Debug|iPhone.Deploy.0 = Debug|Any CPU
		{ABBD3816-3E75-4F62-A6A9-10DF6EADBE44}.Debug|iPhoneSimulator.ActiveCfg = Debug|Any CPU
		{ABBD3816-3E75-4F62-A6A9-10DF6EADBE44}.Debug|iPhoneSimulator.Build.0 = Debug|Any CPU
		{ABBD3816-3E75-4F62-A6A9-10DF6EADBE44}.Debug|iPhoneSimulator.Deploy.0 = Debug|Any CPU
		{ABBD3816-3E75-4F62-A6A9-10DF6EADBE44}.Release|Any CPU.ActiveCfg = Release|Any CPU
		{ABBD3816-3E75-4F62-A6A9-10DF6EADBE44}.Release|Any CPU.Build.0 = Release|Any CPU
		{ABBD3816-3E75-4F62-A6A9-10DF6EADBE44}.Release|Any CPU.Deploy.0 = Release|Any CPU
		{ABBD3816-3E75-4F62-A6A9-10DF6EADBE44}.Release|iPhone.ActiveCfg = Release|Any CPU
		{ABBD3816-3E75-4F62-A6A9-10DF6EADBE44}.Release|iPhone.Build.0 = Release|Any CPU
		{ABBD3816-3E75-4F62-A6A9-10DF6EADBE44}.Release|iPhone.Deploy.0 = Release|Any CPU
		{ABBD3816-3E75-4F62-A6A9-10DF6EADBE44}.Release|iPhoneSimulator.ActiveCfg = Release|Any CPU
		{ABBD3816-3E75-4F62-A6A9-10DF6EADBE44}.Release|iPhoneSimulator.Build.0 = Release|Any CPU
		{ABBD3816-3E75-4F62-A6A9-10DF6EADBE44}.Release|iPhoneSimulator.Deploy.0 = Release|Any CPU
	EndGlobalSection
	GlobalSection(SolutionProperties) = preSolution
		HideSolutionNode = FALSE
	EndGlobalSection
	GlobalSection(ExtensibilityGlobals) = postSolution
		SolutionGuid = {1DEC1BD2-41A2-428B-A43A-46AB6399F544}
	EndGlobalSection
EndGlobal
